// !$*UTF8*$!
{
	archiveVersion = 1;
	classes = {
	};
	objectVersion = 46;
	objects = {

/* Begin PBXBuildFile section */
		6DBAF32C341BBB10EEBB59A3 /* Pods_Sample.framework in Frameworks */ = {isa = PBXBuildFile; fileRef = 0CFE3D424CF4C289352DACCE /* Pods_Sample.framework */; };
		7022212B1E1D425500512403 /* AppDelegate.swift in Sources */ = {isa = PBXBuildFile; fileRef = 7022212A1E1D425500512403 /* AppDelegate.swift */; };
		7022212D1E1D425500512403 /* ViewController.swift in Sources */ = {isa = PBXBuildFile; fileRef = 7022212C1E1D425500512403 /* ViewController.swift */; };
		702221301E1D425500512403 /* Main.storyboard in Resources */ = {isa = PBXBuildFile; fileRef = 7022212E1E1D425500512403 /* Main.storyboard */; };
		702221321E1D425500512403 /* Assets.xcassets in Resources */ = {isa = PBXBuildFile; fileRef = 702221311E1D425500512403 /* Assets.xcassets */; };
		702221351E1D425500512403 /* LaunchScreen.storyboard in Resources */ = {isa = PBXBuildFile; fileRef = 702221331E1D425500512403 /* LaunchScreen.storyboard */; };
		7022213D1E1D428000512403 /* DataService.swift in Sources */ = {isa = PBXBuildFile; fileRef = 7022213C1E1D428000512403 /* DataService.swift */; };
		704EBADB1E1EC93C005FD330 /* User.swift in Sources */ = {isa = PBXBuildFile; fileRef = 704EBADA1E1EC93C005FD330 /* User.swift */; };
		704EBADD1E1EC9AD005FD330 /* Domain.swift in Sources */ = {isa = PBXBuildFile; fileRef = 704EBADC1E1EC9AD005FD330 /* Domain.swift */; };
		704EBAE01E1EEF6C005FD330 /* QueryBuilder.swift in Sources */ = {isa = PBXBuildFile; fileRef = 704EBADF1E1EEF6C005FD330 /* QueryBuilder.swift */; };
/* End PBXBuildFile section */

/* Begin PBXFileReference section */
		0CFE3D424CF4C289352DACCE /* Pods_Sample.framework */ = {isa = PBXFileReference; explicitFileType = wrapper.framework; includeInIndex = 0; path = Pods_Sample.framework; sourceTree = BUILT_PRODUCTS_DIR; };
		2D797D459255315F7975108F /* Pods-Sample.debug.xcconfig */ = {isa = PBXFileReference; includeInIndex = 1; lastKnownFileType = text.xcconfig; name = "Pods-Sample.debug.xcconfig"; path = "Pods/Target Support Files/Pods-Sample/Pods-Sample.debug.xcconfig"; sourceTree = "<group>"; };
		702221271E1D425500512403 /* Sample.app */ = {isa = PBXFileReference; explicitFileType = wrapper.application; includeInIndex = 0; path = Sample.app; sourceTree = BUILT_PRODUCTS_DIR; };
		7022212A1E1D425500512403 /* AppDelegate.swift */ = {isa = PBXFileReference; lastKnownFileType = sourcecode.swift; path = AppDelegate.swift; sourceTree = "<group>"; };
		7022212C1E1D425500512403 /* ViewController.swift */ = {isa = PBXFileReference; lastKnownFileType = sourcecode.swift; path = ViewController.swift; sourceTree = "<group>"; };
		7022212F1E1D425500512403 /* Base */ = {isa = PBXFileReference; lastKnownFileType = file.storyboard; name = Base; path = Base.lproj/Main.storyboard; sourceTree = "<group>"; };
		702221311E1D425500512403 /* Assets.xcassets */ = {isa = PBXFileReference; lastKnownFileType = folder.assetcatalog; path = Assets.xcassets; sourceTree = "<group>"; };
		702221341E1D425500512403 /* Base */ = {isa = PBXFileReference; lastKnownFileType = file.storyboard; name = Base; path = Base.lproj/LaunchScreen.storyboard; sourceTree = "<group>"; };
		702221361E1D425500512403 /* Info.plist */ = {isa = PBXFileReference; lastKnownFileType = text.plist.xml; path = Info.plist; sourceTree = "<group>"; };
		7022213C1E1D428000512403 /* DataService.swift */ = {isa = PBXFileReference; fileEncoding = 4; lastKnownFileType = sourcecode.swift; path = DataService.swift; sourceTree = "<group>"; };
		704EBADA1E1EC93C005FD330 /* User.swift */ = {isa = PBXFileReference; fileEncoding = 4; lastKnownFileType = sourcecode.swift; path = User.swift; sourceTree = "<group>"; };
		704EBADC1E1EC9AD005FD330 /* Domain.swift */ = {isa = PBXFileReference; fileEncoding = 4; lastKnownFileType = sourcecode.swift; path = Domain.swift; sourceTree = "<group>"; };
		704EBADF1E1EEF6C005FD330 /* QueryBuilder.swift */ = {isa = PBXFileReference; fileEncoding = 4; lastKnownFileType = sourcecode.swift; path = QueryBuilder.swift; sourceTree = "<group>"; };
		BE44BCA3C8617BD3B93C18E8 /* Pods-Sample.release.xcconfig */ = {isa = PBXFileReference; includeInIndex = 1; lastKnownFileType = text.xcconfig; name = "Pods-Sample.release.xcconfig"; path = "Pods/Target Support Files/Pods-Sample/Pods-Sample.release.xcconfig"; sourceTree = "<group>"; };
/* End PBXFileReference section */

/* Begin PBXFrameworksBuildPhase section */
		702221241E1D425400512403 /* Frameworks */ = {
			isa = PBXFrameworksBuildPhase;
			buildActionMask = 2147483647;
			files = (
				6DBAF32C341BBB10EEBB59A3 /* Pods_Sample.framework in Frameworks */,
			);
			runOnlyForDeploymentPostprocessing = 0;
		};
/* End PBXFrameworksBuildPhase section */

/* Begin PBXGroup section */
		14FAD6FAAAA64E6EAD5B0A18 /* Pods */ = {
			isa = PBXGroup;
			children = (
				2D797D459255315F7975108F /* Pods-Sample.debug.xcconfig */,
				BE44BCA3C8617BD3B93C18E8 /* Pods-Sample.release.xcconfig */,
			);
			name = Pods;
			sourceTree = "<group>";
		};
		6D50ACD9C9BE77095F45D275 /* Frameworks */ = {
			isa = PBXGroup;
			children = (
				0CFE3D424CF4C289352DACCE /* Pods_Sample.framework */,
			);
			name = Frameworks;
			sourceTree = "<group>";
		};
		7022211E1E1D425400512403 = {
			isa = PBXGroup;
			children = (
				702221291E1D425500512403 /* Sample */,
				702221281E1D425500512403 /* Products */,
				14FAD6FAAAA64E6EAD5B0A18 /* Pods */,
				6D50ACD9C9BE77095F45D275 /* Frameworks */,
			);
			sourceTree = "<group>";
		};
		702221281E1D425500512403 /* Products */ = {
			isa = PBXGroup;
			children = (
				702221271E1D425500512403 /* Sample.app */,
			);
			name = Products;
			sourceTree = "<group>";
		};
		702221291E1D425500512403 /* Sample */ = {
			isa = PBXGroup;
			children = (
				704EBADE1E1EEF5C005FD330 /* service */,
				704EBAD91E1EC915005FD330 /* domain */,
				7022212A1E1D425500512403 /* AppDelegate.swift */,
				7022212C1E1D425500512403 /* ViewController.swift */,
				7022212E1E1D425500512403 /* Main.storyboard */,
				702221311E1D425500512403 /* Assets.xcassets */,
				702221331E1D425500512403 /* LaunchScreen.storyboard */,
				702221361E1D425500512403 /* Info.plist */,
				7022213C1E1D428000512403 /* DataService.swift */,
			);
			path = Sample;
			sourceTree = "<group>";
		};
		704EBAD91E1EC915005FD330 /* domain */ = {
			isa = PBXGroup;
			children = (
				704EBADA1E1EC93C005FD330 /* User.swift */,
				704EBADC1E1EC9AD005FD330 /* Domain.swift */,
			);
			name = domain;
			sourceTree = "<group>";
		};
		704EBADE1E1EEF5C005FD330 /* service */ = {
			isa = PBXGroup;
			children = (
				704EBADF1E1EEF6C005FD330 /* QueryBuilder.swift */,
			);
			name = service;
			sourceTree = "<group>";
		};
/* End PBXGroup section */

/* Begin PBXNativeTarget section */
		702221261E1D425400512403 /* Sample */ = {
			isa = PBXNativeTarget;
			buildConfigurationList = 702221391E1D425500512403 /* Build configuration list for PBXNativeTarget "Sample" */;
			buildPhases = (
				C1ABB0740AE58EF0BF2E0C48 /* [CP] Check Pods Manifest.lock */,
				702221231E1D425400512403 /* Sources */,
				702221241E1D425400512403 /* Frameworks */,
				702221251E1D425400512403 /* Resources */,
				9D92B9D54F593F2679452B61 /* [CP] Embed Pods Frameworks */,
				C3D9CEFC407BAE9833F685A8 /* [CP] Copy Pods Resources */,
			);
			buildRules = (
			);
			dependencies = (
			);
			name = Sample;
			productName = Sample;
			productReference = 702221271E1D425500512403 /* Sample.app */;
			productType = "com.apple.product-type.application";
		};
/* End PBXNativeTarget section */

/* Begin PBXProject section */
		7022211F1E1D425400512403 /* Project object */ = {
			isa = PBXProject;
			attributes = {
				LastSwiftUpdateCheck = 0820;
				LastUpgradeCheck = 0820;
				ORGANIZATIONNAME = "Hans Ospina";
				TargetAttributes = {
					702221261E1D425400512403 = {
						CreatedOnToolsVersion = 8.2.1;
						DevelopmentTeam = UJQ7UJPPLF;
						LastSwiftMigration = 0820;
						ProvisioningStyle = Automatic;
					};
				};
			};
			buildConfigurationList = 702221221E1D425400512403 /* Build configuration list for PBXProject "Sample" */;
			compatibilityVersion = "Xcode 3.2";
			developmentRegion = English;
			hasScannedForEncodings = 0;
			knownRegions = (
				en,
				Base,
			);
			mainGroup = 7022211E1E1D425400512403;
			productRefGroup = 702221281E1D425500512403 /* Products */;
			projectDirPath = "";
			projectRoot = "";
			targets = (
				702221261E1D425400512403 /* Sample */,
			);
		};
/* End PBXProject section */

/* Begin PBXResourcesBuildPhase section */
		702221251E1D425400512403 /* Resources */ = {
			isa = PBXResourcesBuildPhase;
			buildActionMask = 2147483647;
			files = (
				702221351E1D425500512403 /* LaunchScreen.storyboard in Resources */,
				702221321E1D425500512403 /* Assets.xcassets in Resources */,
				702221301E1D425500512403 /* Main.storyboard in Resources */,
			);
			runOnlyForDeploymentPostprocessing = 0;
		};
/* End PBXResourcesBuildPhase section */

/* Begin PBXShellScriptBuildPhase section */
		9D92B9D54F593F2679452B61 /* [CP] Embed Pods Frameworks */ = {
			isa = PBXShellScriptBuildPhase;
			buildActionMask = 2147483647;
			files = (
			);
			inputPaths = (
			);
			name = "[CP] Embed Pods Frameworks";
			outputPaths = (
			);
			runOnlyForDeploymentPostprocessing = 0;
			shellPath = /bin/sh;
			shellScript = "\"${SRCROOT}/Pods/Target Support Files/Pods-Sample/Pods-Sample-frameworks.sh\"\n";
			showEnvVarsInLog = 0;
		};
		C1ABB0740AE58EF0BF2E0C48 /* [CP] Check Pods Manifest.lock */ = {
			isa = PBXShellScriptBuildPhase;
			buildActionMask = 2147483647;
			files = (
			);
			inputPaths = (
			);
			name = "[CP] Check Pods Manifest.lock";
			outputPaths = (
			);
			runOnlyForDeploymentPostprocessing = 0;
			shellPath = /bin/sh;
			shellScript = "diff \"${PODS_ROOT}/../Podfile.lock\" \"${PODS_ROOT}/Manifest.lock\" > /dev/null\nif [ $? != 0 ] ; then\n    # print error to STDERR\n    echo \"error: The sandbox is not in sync with the Podfile.lock. Run 'pod install' or update your CocoaPods installation.\" >&2\n    exit 1\nfi\n";
			showEnvVarsInLog = 0;
		};
		C3D9CEFC407BAE9833F685A8 /* [CP] Copy Pods Resources */ = {
			isa = PBXShellScriptBuildPhase;
			buildActionMask = 2147483647;
			files = (
			);
			inputPaths = (
			);
			name = "[CP] Copy Pods Resources";
			outputPaths = (
			);
			runOnlyForDeploymentPostprocessing = 0;
			shellPath = /bin/sh;
			shellScript = "\"${SRCROOT}/Pods/Target Support Files/Pods-Sample/Pods-Sample-resources.sh\"\n";
			showEnvVarsInLog = 0;
		};
/* End PBXShellScriptBuildPhase section */

/* Begin PBXSourcesBuildPhase section */
		702221231E1D425400512403 /* Sources */ = {
			isa = PBXSourcesBuildPhase;
			buildActionMask = 2147483647;
			files = (
				704EBAE01E1EEF6C005FD330 /* QueryBuilder.swift in Sources */,
				704EBADB1E1EC93C005FD330 /* User.swift in Sources */,
				704EBADD1E1EC9AD005FD330 /* Domain.swift in Sources */,
				7022213D1E1D428000512403 /* DataService.swift in Sources */,
				7022212D1E1D425500512403 /* ViewController.swift in Sources */,
				7022212B1E1D425500512403 /* AppDelegate.swift in Sources */,
			);
			runOnlyForDeploymentPostprocessing = 0;
		};
/* End PBXSourcesBuildPhase section */

/* Begin PBXVariantGroup section */
		7022212E1E1D425500512403 /* Main.storyboard */ = {
			isa = PBXVariantGroup;
			children = (
				7022212F1E1D425500512403 /* Base */,
			);
			name = Main.storyboard;
			sourceTree = "<group>";
		};
		702221331E1D425500512403 /* LaunchScreen.storyboard */ = {
			isa = PBXVariantGroup;
			children = (
				702221341E1D425500512403 /* Base */,
			);
			name = LaunchScreen.storyboard;
			sourceTree = "<group>";
		};
/* End PBXVariantGroup section */

/* Begin XCBuildConfiguration section */
		702221371E1D425500512403 /* Debug */ = {
			isa = XCBuildConfiguration;
			buildSettings = {
				ALWAYS_SEARCH_USER_PATHS = NO;
				CLANG_ANALYZER_NONNULL = YES;
				CLANG_CXX_LANGUAGE_STANDARD = "gnu++0x";
				CLANG_CXX_LIBRARY = "libc++";
				CLANG_ENABLE_MODULES = YES;
				CLANG_ENABLE_OBJC_ARC = YES;
				CLANG_WARN_BOOL_CONVERSION = YES;
				CLANG_WARN_CONSTANT_CONVERSION = YES;
				CLANG_WARN_DIRECT_OBJC_ISA_USAGE = YES_ERROR;
				CLANG_WARN_DOCUMENTATION_COMMENTS = YES;
				CLANG_WARN_EMPTY_BODY = YES;
				CLANG_WARN_ENUM_CONVERSION = YES;
				CLANG_WARN_INFINITE_RECURSION = YES;
				CLANG_WARN_INT_CONVERSION = YES;
				CLANG_WARN_OBJC_ROOT_CLASS = YES_ERROR;
				CLANG_WARN_SUSPICIOUS_MOVE = YES;
				CLANG_WARN_UNREACHABLE_CODE = YES;
				CLANG_WARN__DUPLICATE_METHOD_MATCH = YES;
				"CODE_SIGN_IDENTITY[sdk=iphoneos*]" = "iPhone Developer";
				COPY_PHASE_STRIP = NO;
				DEBUG_INFORMATION_FORMAT = dwarf;
				ENABLE_STRICT_OBJC_MSGSEND = YES;
				ENABLE_TESTABILITY = YES;
				GCC_C_LANGUAGE_STANDARD = gnu99;
				GCC_DYNAMIC_NO_PIC = NO;
				GCC_NO_COMMON_BLOCKS = YES;
				GCC_OPTIMIZATION_LEVEL = 0;
				GCC_PREPROCESSOR_DEFINITIONS = (
					"DEBUG=1",
					"$(inherited)",
				);
				GCC_WARN_64_TO_32_BIT_CONVERSION = YES;
				GCC_WARN_ABOUT_RETURN_TYPE = YES_ERROR;
				GCC_WARN_UNDECLARED_SELECTOR = YES;
				GCC_WARN_UNINITIALIZED_AUTOS = YES_AGGRESSIVE;
				GCC_WARN_UNUSED_FUNCTION = YES;
				GCC_WARN_UNUSED_VARIABLE = YES;
				IPHONEOS_DEPLOYMENT_TARGET = 9.3;
				MTL_ENABLE_DEBUG_INFO = YES;
				ONLY_ACTIVE_ARCH = YES;
				SDKROOT = iphoneos;
				SWIFT_ACTIVE_COMPILATION_CONDITIONS = DEBUG;
				SWIFT_OPTIMIZATION_LEVEL = "-Onone";
			};
			name = Debug;
		};
		702221381E1D425500512403 /* Release */ = {
			isa = XCBuildConfiguration;
			buildSettings = {
				ALWAYS_SEARCH_USER_PATHS = NO;
				CLANG_ANALYZER_NONNULL = YES;
				CLANG_CXX_LANGUAGE_STANDARD = "gnu++0x";
				CLANG_CXX_LIBRARY = "libc++";
				CLANG_ENABLE_MODULES = YES;
				CLANG_ENABLE_OBJC_ARC = YES;
				CLANG_WARN_BOOL_CONVERSION = YES;
				CLANG_WARN_CONSTANT_CONVERSION = YES;
				CLANG_WARN_DIRECT_OBJC_ISA_USAGE = YES_ERROR;
				CLANG_WARN_DOCUMENTATION_COMMENTS = YES;
				CLANG_WARN_EMPTY_BODY = YES;
				CLANG_WARN_ENUM_CONVERSION = YES;
				CLANG_WARN_INFINITE_RECURSION = YES;
				CLANG_WARN_INT_CONVERSION = YES;
				CLANG_WARN_OBJC_ROOT_CLASS = YES_ERROR;
				CLANG_WARN_SUSPICIOUS_MOVE = YES;
				CLANG_WARN_UNREACHABLE_CODE = YES;
				CLANG_WARN__DUPLICATE_METHOD_MATCH = YES;
				"CODE_SIGN_IDENTITY[sdk=iphoneos*]" = "iPhone Developer";
				COPY_PHASE_STRIP = NO;
				DEBUG_INFORMATION_FORMAT = "dwarf-with-dsym";
				ENABLE_NS_ASSERTIONS = NO;
				ENABLE_STRICT_OBJC_MSGSEND = YES;
				GCC_C_LANGUAGE_STANDARD = gnu99;
				GCC_NO_COMMON_BLOCKS = YES;
				GCC_WARN_64_TO_32_BIT_CONVERSION = YES;
				GCC_WARN_ABOUT_RETURN_TYPE = YES_ERROR;
				GCC_WARN_UNDECLARED_SELECTOR = YES;
				GCC_WARN_UNINITIALIZED_AUTOS = YES_AGGRESSIVE;
				GCC_WARN_UNUSED_FUNCTION = YES;
				GCC_WARN_UNUSED_VARIABLE = YES;
				IPHONEOS_DEPLOYMENT_TARGET = 9.3;
				MTL_ENABLE_DEBUG_INFO = NO;
				SDKROOT = iphoneos;
				SWIFT_OPTIMIZATION_LEVEL = "-Owholemodule";
				VALIDATE_PRODUCT = YES;
			};
			name = Release;
		};
		7022213A1E1D425500512403 /* Debug */ = {
			isa = XCBuildConfiguration;
			baseConfigurationReference = 2D797D459255315F7975108F /* Pods-Sample.debug.xcconfig */;
			buildSettings = {
				ASSETCATALOG_COMPILER_APPICON_NAME = AppIcon;
				DEVELOPMENT_TEAM = UJQ7UJPPLF;
				INFOPLIST_FILE = Sample/Info.plist;
				LD_RUNPATH_SEARCH_PATHS = "$(inherited) @executable_path/Frameworks";
				PRODUCT_BUNDLE_IDENTIFIER = archivo.digvital.Sample;
				PRODUCT_NAME = "$(TARGET_NAME)";
				SWIFT_VERSION = 3.0;
			};
			name = Debug;
		};
		7022213B1E1D425500512403 /* Release */ = {
			isa = XCBuildConfiguration;
			baseConfigurationReference = BE44BCA3C8617BD3B93C18E8 /* Pods-Sample.release.xcconfig */;
			buildSettings = {
				ASSETCATALOG_COMPILER_APPICON_NAME = AppIcon;
				DEVELOPMENT_TEAM = UJQ7UJPPLF;
				INFOPLIST_FILE = Sample/Info.plist;
				LD_RUNPATH_SEARCH_PATHS = "$(inherited) @executable_path/Frameworks";
				PRODUCT_BUNDLE_IDENTIFIER = archivo.digvital.Sample;
				PRODUCT_NAME = "$(TARGET_NAME)";
				SWIFT_VERSION = 3.0;
			};
			name = Release;
		};
/* End XCBuildConfiguration section */

/* Begin XCConfigurationList section */
		702221221E1D425400512403 /* Build configuration list for PBXProject "Sample" */ = {
			isa = XCConfigurationList;
			buildConfigurations = (
				702221371E1D425500512403 /* Debug */,
				702221381E1D425500512403 /* Release */,
			);
			defaultConfigurationIsVisible = 0;
			defaultConfigurationName = Release;
		};
		702221391E1D425500512403 /* Build configuration list for PBXNativeTarget "Sample" */ = {
			isa = XCConfigurationList;
			buildConfigurations = (
				7022213A1E1D425500512403 /* Debug */,
				7022213B1E1D425500512403 /* Release */,
			);
			defaultConfigurationIsVisible = 0;
			defaultConfigurationName = Release;
		};
/* End XCConfigurationList section */
	};
	rootObject = 7022211F1E1D425400512403 /* Project object */;
}
